
Microsoft Visual Studio Solution File, Format Version 12.00
# Visual Studio 2017
Project("{FAE04EC0-301F-11D3-BF4B-00C04F79EFBC}") = "Sourcebound", "Sourcebound.csproj", "{732FCE74-BB13-8DBB-2E2E-E1D260D90BED}"
EndProject
Global
	GlobalSection(SolutionConfigurationPlatforms) = preSolution
		Debug|Any CPU = Debug|Any CPU
		Release|Any CPU = Release|Any CPU
	EndGlobalSection
	GlobalSection(ProjectConfigurationPlatforms) = postSolution
		{732FCE74-BB13-8DBB-2E2E-E1D260D90BED}.Debug|Any CPU.ActiveCfg = Debug|Any CPU
		{732FCE74-BB13-8DBB-2E2E-E1D260D90BED}.Debug|Any CPU.Build.0 = Debug|Any CPU
		{732FCE74-BB13-8DBB-2E2E-E1D260D90BED}.Release|Any CPU.ActiveCfg = Release|Any CPU
		{732FCE74-BB13-8DBB-2E2E-E1D260D90BED}.Release|Any CPU.Build.0 = Release|Any CPU
	EndGlobalSection
	GlobalSection(SolutionProperties) = preSolution
		HideSolutionNode = FALSE
	EndGlobalSection
EndGlobal
